
Microsoft Visual Studio Solution File, Format Version 12.00
# Visual Studio 14
VisualStudioVersion = 14.0.24720.0
MinimumVisualStudioVersion = 10.0.40219.1
Project("{FAE04EC0-301F-11D3-BF4B-00C04F79EFBC}") = "LiveBet", "LiveBet\LiveBet.csproj", "{AC66ACD1-4AF8-4BA9-9C51-C90186A728A8}"
EndProject
Project("{2150E333-8FDC-42A3-9474-1A3956D46DE8}") = "Data", "Data", "{40A0532C-FF42-4DE9-AA8C-AA5F9C7B7719}"
EndProject
Project("{2150E333-8FDC-42A3-9474-1A3956D46DE8}") = "Services", "Services", "{C7404A08-225C-4B2E-BD98-02937569BEF9}"
EndProject
Project("{2150E333-8FDC-42A3-9474-1A3956D46DE8}") = "Web", "Web", "{0B13D984-6F8B-48A5-8BFE-C3A947E38BAC}"
EndProject
Project("{2150E333-8FDC-42A3-9474-1A3956D46DE8}") = "Tests", "Tests", "{132EA83D-8FBC-4E99-870F-943CE0836DCD}"
EndProject
Project("{FAE04EC0-301F-11D3-BF4B-00C04F79EFBC}") = "LiveBet.Data", "LiveBet.Data\LiveBet.Data.csproj", "{C3CDE048-E6FA-4285-870A-55946ECEAB01}"
EndProject
Project("{FAE04EC0-301F-11D3-BF4B-00C04F79EFBC}") = "LiveBet.Data.Common", "LiveBet.Data.Common\LiveBet.Data.Common.csproj", "{A2C99294-9113-48D1-99D0-564DFA989A6A}"
EndProject
Project("{FAE04EC0-301F-11D3-BF4B-00C04F79EFBC}") = "LiveBet.Data.Models", "LiveBet.Data.Models\LiveBet.Data.Models.csproj", "{ED026298-CBEE-44F5-B5A1-535801A07E34}"
EndProject
Project("{FAE04EC0-301F-11D3-BF4B-00C04F79EFBC}") = "LiveBet.Services.Data", "LiveBet.Services.Data\LiveBet.Services.Data.csproj", "{8271E3AC-0DFA-4D71-9161-07CAFE444905}"
EndProject
Project("{FAE04EC0-301F-11D3-BF4B-00C04F79EFBC}") = "LiveBet.Services.Web", "LiveBet.Services.Web\LiveBet.Services.Web.csproj", "{E15A8C1E-1D13-4985-8266-BD1299DEFF58}"
EndProject
Project("{FAE04EC0-301F-11D3-BF4B-00C04F79EFBC}") = "LiveBet.Common", "LiveBet.Common\LiveBet.Common.csproj", "{ED7BE7B5-D3FB-4C50-8411-1BBA2D350E7D}"
EndProject
Project("{FAE04EC0-301F-11D3-BF4B-00C04F79EFBC}") = "LiveBet.Infrastructure", "LiveBet.Infrastructure\LiveBet.Infrastructure.csproj", "{DDEAC27C-4BAE-44A2-8EB2-E4025B8B8E2B}"
EndProject
Global
	GlobalSection(SolutionConfigurationPlatforms) = preSolution
		Debug|Any CPU = Debug|Any CPU
		Release|Any CPU = Release|Any CPU
	EndGlobalSection
	GlobalSection(ProjectConfigurationPlatforms) = postSolution
		{AC66ACD1-4AF8-4BA9-9C51-C90186A728A8}.Debug|Any CPU.ActiveCfg = Debug|Any CPU
		{AC66ACD1-4AF8-4BA9-9C51-C90186A728A8}.Debug|Any CPU.Build.0 = Debug|Any CPU
		{AC66ACD1-4AF8-4BA9-9C51-C90186A728A8}.Release|Any CPU.ActiveCfg = Release|Any CPU
		{AC66ACD1-4AF8-4BA9-9C51-C90186A728A8}.Release|Any CPU.Build.0 = Release|Any CPU
		{C3CDE048-E6FA-4285-870A-55946ECEAB01}.Debug|Any CPU.ActiveCfg = Debug|Any CPU
		{C3CDE048-E6FA-4285-870A-55946ECEAB01}.Debug|Any CPU.Build.0 = Debug|Any CPU
		{C3CDE048-E6FA-4285-870A-55946ECEAB01}.Release|Any CPU.ActiveCfg = Release|Any CPU
		{C3CDE048-E6FA-4285-870A-55946ECEAB01}.Release|Any CPU.Build.0 = Release|Any CPU
		{A2C99294-9113-48D1-99D0-564DFA989A6A}.Debug|Any CPU.ActiveCfg = Debug|Any CPU
		{A2C99294-9113-48D1-99D0-564DFA989A6A}.Debug|Any CPU.Build.0 = Debug|Any CPU
		{A2C99294-9113-48D1-99D0-564DFA989A6A}.Release|Any CPU.ActiveCfg = Release|Any CPU
		{A2C99294-9113-48D1-99D0-564DFA989A6A}.Release|Any CPU.Build.0 = Release|Any CPU
		{ED026298-CBEE-44F5-B5A1-535801A07E34}.Debug|Any CPU.ActiveCfg = Debug|Any CPU
		{ED026298-CBEE-44F5-B5A1-535801A07E34}.Debug|Any CPU.Build.0 = Debug|Any CPU
		{ED026298-CBEE-44F5-B5A1-535801A07E34}.Release|Any CPU.ActiveCfg = Release|Any CPU
		{ED026298-CBEE-44F5-B5A1-535801A07E34}.Release|Any CPU.Build.0 = Release|Any CPU
		{8271E3AC-0DFA-4D71-9161-07CAFE444905}.Debug|Any CPU.ActiveCfg = Debug|Any CPU
		{8271E3AC-0DFA-4D71-9161-07CAFE444905}.Debug|Any CPU.Build.0 = Debug|Any CPU
		{8271E3AC-0DFA-4D71-9161-07CAFE444905}.Release|Any CPU.ActiveCfg = Release|Any CPU
		{8271E3AC-0DFA-4D71-9161-07CAFE444905}.Release|Any CPU.Build.0 = Release|Any CPU
		{E15A8C1E-1D13-4985-8266-BD1299DEFF58}.Debug|Any CPU.ActiveCfg = Debug|Any CPU
		{E15A8C1E-1D13-4985-8266-BD1299DEFF58}.Debug|Any CPU.Build.0 = Debug|Any CPU
		{E15A8C1E-1D13-4985-8266-BD1299DEFF58}.Release|Any CPU.ActiveCfg = Release|Any CPU
		{E15A8C1E-1D13-4985-8266-BD1299DEFF58}.Release|Any CPU.Build.0 = Release|Any CPU
		{ED7BE7B5-D3FB-4C50-8411-1BBA2D350E7D}.Debug|Any CPU.ActiveCfg = Debug|Any CPU
		{ED7BE7B5-D3FB-4C50-8411-1BBA2D350E7D}.Debug|Any CPU.Build.0 = Debug|Any CPU
		{ED7BE7B5-D3FB-4C50-8411-1BBA2D350E7D}.Release|Any CPU.ActiveCfg = Release|Any CPU
		{ED7BE7B5-D3FB-4C50-8411-1BBA2D350E7D}.Release|Any CPU.Build.0 = Release|Any CPU
		{DDEAC27C-4BAE-44A2-8EB2-E4025B8B8E2B}.Debug|Any CPU.ActiveCfg = Debug|Any CPU
		{DDEAC27C-4BAE-44A2-8EB2-E4025B8B8E2B}.Debug|Any CPU.Build.0 = Debug|Any CPU
		{DDEAC27C-4BAE-44A2-8EB2-E4025B8B8E2B}.Release|Any CPU.ActiveCfg = Release|Any CPU
		{DDEAC27C-4BAE-44A2-8EB2-E4025B8B8E2B}.Release|Any CPU.Build.0 = Release|Any CPU
	EndGlobalSection
	GlobalSection(SolutionProperties) = preSolution
		HideSolutionNode = FALSE
	EndGlobalSection
	GlobalSection(NestedProjects) = preSolution
		{AC66ACD1-4AF8-4BA9-9C51-C90186A728A8} = {0B13D984-6F8B-48A5-8BFE-C3A947E38BAC}
		{C3CDE048-E6FA-4285-870A-55946ECEAB01} = {40A0532C-FF42-4DE9-AA8C-AA5F9C7B7719}
		{A2C99294-9113-48D1-99D0-564DFA989A6A} = {40A0532C-FF42-4DE9-AA8C-AA5F9C7B7719}
		{ED026298-CBEE-44F5-B5A1-535801A07E34} = {40A0532C-FF42-4DE9-AA8C-AA5F9C7B7719}
		{8271E3AC-0DFA-4D71-9161-07CAFE444905} = {C7404A08-225C-4B2E-BD98-02937569BEF9}
		{E15A8C1E-1D13-4985-8266-BD1299DEFF58} = {C7404A08-225C-4B2E-BD98-02937569BEF9}
		{DDEAC27C-4BAE-44A2-8EB2-E4025B8B8E2B} = {0B13D984-6F8B-48A5-8BFE-C3A947E38BAC}
	EndGlobalSection
EndGlobal
